
Microsoft Visual Studio Solution File, Format Version 12.00
# Visual Studio Version 17
VisualStudioVersion = 17.0.31903.59
MinimumVisualStudioVersion = 10.0.40219.1
Project("{FAE04EC0-301F-11D3-BF4B-00C04F79EFBC}") = "McpServer.Abstractions", "McpServer.Abstractions\McpServer.Abstractions.csproj", "{E0455150-3848-42C2-BF55-9E4F196D9C03}"
EndProject
Project("{FAE04EC0-301F-11D3-BF4B-00C04F79EFBC}") = "McpServer.Implementation.ModelContextProtocol", "McpServer.Implementation.ModelContextProtocol\McpServer.Implementation.ModelContextProtocol.csproj", "{3876DDF1-23CD-41A9-8D8A-5D2F2EAECB2F}"
EndProject
Project("{FAE04EC0-301F-11D3-BF4B-00C04F79EFBC}") = "McpServer.Host", "McpServer.Host\McpServer.Host.csproj", "{EB8EDF57-FAB7-4C1A-BED1-3FEE90149A7B}"
EndProject
Project("{FAE04EC0-301F-11D3-BF4B-00C04F79EFBC}") = "McpServer.Examples", "McpServer.Examples\McpServer.Examples.csproj", "{45DAC6BE-10B0-4084-BD6B-27DA9374F3DB}"
EndProject
Global
	GlobalSection(SolutionConfigurationPlatforms) = preSolution
		Debug|Any CPU = Debug|Any CPU
		Debug|x64 = Debug|x64
		Debug|x86 = Debug|x86
		Release|Any CPU = Release|Any CPU
		Release|x64 = Release|x64
		Release|x86 = Release|x86
	EndGlobalSection
	GlobalSection(ProjectConfigurationPlatforms) = postSolution
		{E0455150-3848-42C2-BF55-9E4F196D9C03}.Debug|Any CPU.ActiveCfg = Debug|Any CPU
		{E0455150-3848-42C2-BF55-9E4F196D9C03}.Debug|Any CPU.Build.0 = Debug|Any CPU
		{E0455150-3848-42C2-BF55-9E4F196D9C03}.Debug|x64.ActiveCfg = Debug|Any CPU
		{E0455150-3848-42C2-BF55-9E4F196D9C03}.Debug|x64.Build.0 = Debug|Any CPU
		{E0455150-3848-42C2-BF55-9E4F196D9C03}.Debug|x86.ActiveCfg = Debug|Any CPU
		{E0455150-3848-42C2-BF55-9E4F196D9C03}.Debug|x86.Build.0 = Debug|Any CPU
		{E0455150-3848-42C2-BF55-9E4F196D9C03}.Release|Any CPU.ActiveCfg = Release|Any CPU
		{E0455150-3848-42C2-BF55-9E4F196D9C03}.Release|Any CPU.Build.0 = Release|Any CPU
		{E0455150-3848-42C2-BF55-9E4F196D9C03}.Release|x64.ActiveCfg = Release|Any CPU
		{E0455150-3848-42C2-BF55-9E4F196D9C03}.Release|x64.Build.0 = Release|Any CPU
		{E0455150-3848-42C2-BF55-9E4F196D9C03}.Release|x86.ActiveCfg = Release|Any CPU
		{E0455150-3848-42C2-BF55-9E4F196D9C03}.Release|x86.Build.0 = Release|Any CPU
		{3876DDF1-23CD-41A9-8D8A-5D2F2EAECB2F}.Debug|Any CPU.ActiveCfg = Debug|Any CPU
		{3876DDF1-23CD-41A9-8D8A-5D2F2EAECB2F}.Debug|Any CPU.Build.0 = Debug|Any CPU
		{3876DDF1-23CD-41A9-8D8A-5D2F2EAECB2F}.Debug|x64.ActiveCfg = Debug|Any CPU
		{3876DDF1-23CD-41A9-8D8A-5D2F2EAECB2F}.Debug|x64.Build.0 = Debug|Any CPU
		{3876DDF1-23CD-41A9-8D8A-5D2F2EAECB2F}.Debug|x86.ActiveCfg = Debug|Any CPU
		{3876DDF1-23CD-41A9-8D8A-5D2F2EAECB2F}.Debug|x86.Build.0 = Debug|Any CPU
		{3876DDF1-23CD-41A9-8D8A-5D2F2EAECB2F}.Release|Any CPU.ActiveCfg = Release|Any CPU
		{3876DDF1-23CD-41A9-8D8A-5D2F2EAECB2F}.Release|Any CPU.Build.0 = Release|Any CPU
		{3876DDF1-23CD-41A9-8D8A-5D2F2EAECB2F}.Release|x64.ActiveCfg = Release|Any CPU
		{3876DDF1-23CD-41A9-8D8A-5D2F2EAECB2F}.Release|x64.Build.0 = Release|Any CPU
		{3876DDF1-23CD-41A9-8D8A-5D2F2EAECB2F}.Release|x86.ActiveCfg = Release|Any CPU
		{3876DDF1-23CD-41A9-8D8A-5D2F2EAECB2F}.Release|x86.Build.0 = Release|Any CPU
		{EB8EDF57-FAB7-4C1A-BED1-3FEE90149A7B}.Debug|Any CPU.ActiveCfg = Debug|Any CPU
		{EB8EDF57-FAB7-4C1A-BED1-3FEE90149A7B}.Debug|Any CPU.Build.0 = Debug|Any CPU
		{EB8EDF57-FAB7-4C1A-BED1-3FEE90149A7B}.Debug|x64.ActiveCfg = Debug|Any CPU
		{EB8EDF57-FAB7-4C1A-BED1-3FEE90149A7B}.Debug|x64.Build.0 = Debug|Any CPU
		{EB8EDF57-FAB7-4C1A-BED1-3FEE90149A7B}.Debug|x86.ActiveCfg = Debug|Any CPU
		{EB8EDF57-FAB7-4C1A-BED1-3FEE90149A7B}.Debug|x86.Build.0 = Debug|Any CPU
		{EB8EDF57-FAB7-4C1A-BED1-3FEE90149A7B}.Release|Any CPU.ActiveCfg = Release|Any CPU
		{EB8EDF57-FAB7-4C1A-BED1-3FEE90149A7B}.Release|Any CPU.Build.0 = Release|Any CPU
		{EB8EDF57-FAB7-4C1A-BED1-3FEE90149A7B}.Release|x64.ActiveCfg = Release|Any CPU
		{EB8EDF57-FAB7-4C1A-BED1-3FEE90149A7B}.Release|x64.Build.0 = Release|Any CPU
		{EB8EDF57-FAB7-4C1A-BED1-3FEE90149A7B}.Release|x86.ActiveCfg = Release|Any CPU
		{EB8EDF57-FAB7-4C1A-BED1-3FEE90149A7B}.Release|x86.Build.0 = Release|Any CPU
		{45DAC6BE-10B0-4084-BD6B-27DA9374F3DB}.Debug|Any CPU.ActiveCfg = Debug|Any CPU
		{45DAC6BE-10B0-4084-BD6B-27DA9374F3DB}.Debug|Any CPU.Build.0 = Debug|Any CPU
		{45DAC6BE-10B0-4084-BD6B-27DA9374F3DB}.Debug|x64.ActiveCfg = Debug|Any CPU
		{45DAC6BE-10B0-4084-BD6B-27DA9374F3DB}.Debug|x64.Build.0 = Debug|Any CPU
		{45DAC6BE-10B0-4084-BD6B-27DA9374F3DB}.Debug|x86.ActiveCfg = Debug|Any CPU
		{45DAC6BE-10B0-4084-BD6B-27DA9374F3DB}.Debug|x86.Build.0 = Debug|Any CPU
		{45DAC6BE-10B0-4084-BD6B-27DA9374F3DB}.Release|Any CPU.ActiveCfg = Release|Any CPU
		{45DAC6BE-10B0-4084-BD6B-27DA9374F3DB}.Release|Any CPU.Build.0 = Release|Any CPU
		{45DAC6BE-10B0-4084-BD6B-27DA9374F3DB}.Release|x64.ActiveCfg = Release|Any CPU
		{45DAC6BE-10B0-4084-BD6B-27DA9374F3DB}.Release|x64.Build.0 = Release|Any CPU
		{45DAC6BE-10B0-4084-BD6B-27DA9374F3DB}.Release|x86.ActiveCfg = Release|Any CPU
		{45DAC6BE-10B0-4084-BD6B-27DA9374F3DB}.Release|x86.Build.0 = Release|Any CPU
	EndGlobalSection
	GlobalSection(SolutionProperties) = preSolution
		HideSolutionNode = FALSE
	EndGlobalSection
EndGlobal
