
Microsoft Visual Studio Solution File, Format Version 12.00
# Visual Studio Version 17
VisualStudioVersion = 17.0.31903.59
MinimumVisualStudioVersion = 10.0.40219.1
Project("{2150E333-8FDC-42A3-9474-1A3956D46DE8}") = "src", "src", "{827E0CD3-B72D-47B6-A68D-7590B98EB39B}"
EndProject
Project("{FAE04EC0-301F-11D3-BF4B-00C04F79EFBC}") = "McpServer.Template.Contracts", "src\McpServer.Template.Contracts\McpServer.Template.Contracts.csproj", "{BCC0E8C9-A186-4BB3-A0CF-3E0637FDD5BD}"
EndProject
Project("{FAE04EC0-301F-11D3-BF4B-00C04F79EFBC}") = "McpServer.Template.Application", "src\McpServer.Template.Application\McpServer.Template.Application.csproj", "{ABEAA7CD-D49D-4FAF-91A0-68DA8A10883E}"
EndProject
Project("{FAE04EC0-301F-11D3-BF4B-00C04F79EFBC}") = "McpServer.Template.Infrastructure", "src\McpServer.Template.Infrastructure\McpServer.Template.Infrastructure.csproj", "{92A4F138-5B0C-4254-B7CB-909F4B711987}"
EndProject
Project("{FAE04EC0-301F-11D3-BF4B-00C04F79EFBC}") = "McpServer.Template.Mcp", "src\McpServer.Template.Mcp\McpServer.Template.Mcp.csproj", "{C293E702-7310-4A0C-BA23-5ED7624E86BE}"
EndProject
Project("{FAE04EC0-301F-11D3-BF4B-00C04F79EFBC}") = "McpServer.Template.Host.Stdio", "src\McpServer.Template.Host.Stdio\McpServer.Template.Host.Stdio.csproj", "{C4B7D1F1-77DA-4DE3-9949-FCAE687C312F}"
EndProject
Project("{FAE04EC0-301F-11D3-BF4B-00C04F79EFBC}") = "McpServer.Template.Host.Http", "src\McpServer.Template.Host.Http\McpServer.Template.Host.Http.csproj", "{F5F04F90-0C23-47FD-9B9D-C300B0AFB7F6}"
EndProject
Project("{FAE04EC0-301F-11D3-BF4B-00C04F79EFBC}") = "McpServer.Template.Application.Tests", "tests\McpServer.Template.Application.Tests\McpServer.Template.Application.Tests.csproj", "{2864809E-E6BD-4AE8-AE84-721FA7F6D8B7}"
EndProject
Project("{FAE04EC0-301F-11D3-BF4B-00C04F79EFBC}") = "McpServer.Template.Infrastructure.Tests", "tests\McpServer.Template.Infrastructure.Tests\McpServer.Template.Infrastructure.Tests.csproj", "{BF150BE7-2F3D-4F7B-9C3F-D5CD24CAE2C7}"
EndProject
Project("{FAE04EC0-301F-11D3-BF4B-00C04F79EFBC}") = "McpServer.Template.Mcp.Tests", "tests\McpServer.Template.Mcp.Tests\McpServer.Template.Mcp.Tests.csproj", "{94D5CFFC-0DE4-4AA6-8085-9B219818CA8E}"
EndProject
Project("{FAE04EC0-301F-11D3-BF4B-00C04F79EFBC}") = "McpServer.Template.Host.Http.Tests", "tests\McpServer.Template.Host.Http.Tests\McpServer.Template.Host.Http.Tests.csproj", "{D8F21E90-9DB2-4F4F-BEDA-C0A6F5F9117F}"
EndProject
Global
	GlobalSection(SolutionConfigurationPlatforms) = preSolution
		Debug|Any CPU = Debug|Any CPU
		Debug|x64 = Debug|x64
		Debug|x86 = Debug|x86
		Release|Any CPU = Release|Any CPU
		Release|x64 = Release|x64
		Release|x86 = Release|x86
	EndGlobalSection
	GlobalSection(ProjectConfigurationPlatforms) = postSolution
		{BCC0E8C9-A186-4BB3-A0CF-3E0637FDD5BD}.Debug|Any CPU.ActiveCfg = Debug|Any CPU
		{BCC0E8C9-A186-4BB3-A0CF-3E0637FDD5BD}.Debug|Any CPU.Build.0 = Debug|Any CPU
		{BCC0E8C9-A186-4BB3-A0CF-3E0637FDD5BD}.Debug|x64.ActiveCfg = Debug|Any CPU
		{BCC0E8C9-A186-4BB3-A0CF-3E0637FDD5BD}.Debug|x64.Build.0 = Debug|Any CPU
		{BCC0E8C9-A186-4BB3-A0CF-3E0637FDD5BD}.Debug|x86.ActiveCfg = Debug|Any CPU
		{BCC0E8C9-A186-4BB3-A0CF-3E0637FDD5BD}.Debug|x86.Build.0 = Debug|Any CPU
		{BCC0E8C9-A186-4BB3-A0CF-3E0637FDD5BD}.Release|Any CPU.ActiveCfg = Release|Any CPU
		{BCC0E8C9-A186-4BB3-A0CF-3E0637FDD5BD}.Release|Any CPU.Build.0 = Release|Any CPU
		{BCC0E8C9-A186-4BB3-A0CF-3E0637FDD5BD}.Release|x64.ActiveCfg = Release|Any CPU
		{BCC0E8C9-A186-4BB3-A0CF-3E0637FDD5BD}.Release|x64.Build.0 = Release|Any CPU
		{BCC0E8C9-A186-4BB3-A0CF-3E0637FDD5BD}.Release|x86.ActiveCfg = Release|Any CPU
		{BCC0E8C9-A186-4BB3-A0CF-3E0637FDD5BD}.Release|x86.Build.0 = Release|Any CPU
		{ABEAA7CD-D49D-4FAF-91A0-68DA8A10883E}.Debug|Any CPU.ActiveCfg = Debug|Any CPU
		{ABEAA7CD-D49D-4FAF-91A0-68DA8A10883E}.Debug|Any CPU.Build.0 = Debug|Any CPU
		{ABEAA7CD-D49D-4FAF-91A0-68DA8A10883E}.Debug|x64.ActiveCfg = Debug|Any CPU
		{ABEAA7CD-D49D-4FAF-91A0-68DA8A10883E}.Debug|x64.Build.0 = Debug|Any CPU
		{ABEAA7CD-D49D-4FAF-91A0-68DA8A10883E}.Debug|x86.ActiveCfg = Debug|Any CPU
		{ABEAA7CD-D49D-4FAF-91A0-68DA8A10883E}.Debug|x86.Build.0 = Debug|Any CPU
		{ABEAA7CD-D49D-4FAF-91A0-68DA8A10883E}.Release|Any CPU.ActiveCfg = Release|Any CPU
		{ABEAA7CD-D49D-4FAF-91A0-68DA8A10883E}.Release|Any CPU.Build.0 = Release|Any CPU
		{ABEAA7CD-D49D-4FAF-91A0-68DA8A10883E}.Release|x64.ActiveCfg = Release|Any CPU
		{ABEAA7CD-D49D-4FAF-91A0-68DA8A10883E}.Release|x64.Build.0 = Release|Any CPU
		{ABEAA7CD-D49D-4FAF-91A0-68DA8A10883E}.Release|x86.ActiveCfg = Release|Any CPU
		{ABEAA7CD-D49D-4FAF-91A0-68DA8A10883E}.Release|x86.Build.0 = Release|Any CPU
		{92A4F138-5B0C-4254-B7CB-909F4B711987}.Debug|Any CPU.ActiveCfg = Debug|Any CPU
		{92A4F138-5B0C-4254-B7CB-909F4B711987}.Debug|Any CPU.Build.0 = Debug|Any CPU
		{92A4F138-5B0C-4254-B7CB-909F4B711987}.Debug|x64.ActiveCfg = Debug|Any CPU
		{92A4F138-5B0C-4254-B7CB-909F4B711987}.Debug|x64.Build.0 = Debug|Any CPU
		{92A4F138-5B0C-4254-B7CB-909F4B711987}.Debug|x86.ActiveCfg = Debug|Any CPU
		{92A4F138-5B0C-4254-B7CB-909F4B711987}.Debug|x86.Build.0 = Debug|Any CPU
		{92A4F138-5B0C-4254-B7CB-909F4B711987}.Release|Any CPU.ActiveCfg = Release|Any CPU
		{92A4F138-5B0C-4254-B7CB-909F4B711987}.Release|Any CPU.Build.0 = Release|Any CPU
		{92A4F138-5B0C-4254-B7CB-909F4B711987}.Release|x64.ActiveCfg = Release|Any CPU
		{92A4F138-5B0C-4254-B7CB-909F4B711987}.Release|x64.Build.0 = Release|Any CPU
		{92A4F138-5B0C-4254-B7CB-909F4B711987}.Release|x86.ActiveCfg = Release|Any CPU
		{92A4F138-5B0C-4254-B7CB-909F4B711987}.Release|x86.Build.0 = Release|Any CPU
		{C293E702-7310-4A0C-BA23-5ED7624E86BE}.Debug|Any CPU.ActiveCfg = Debug|Any CPU
		{C293E702-7310-4A0C-BA23-5ED7624E86BE}.Debug|Any CPU.Build.0 = Debug|Any CPU
		{C293E702-7310-4A0C-BA23-5ED7624E86BE}.Debug|x64.ActiveCfg = Debug|Any CPU
		{C293E702-7310-4A0C-BA23-5ED7624E86BE}.Debug|x64.Build.0 = Debug|Any CPU
		{C293E702-7310-4A0C-BA23-5ED7624E86BE}.Debug|x86.ActiveCfg = Debug|Any CPU
		{C293E702-7310-4A0C-BA23-5ED7624E86BE}.Debug|x86.Build.0 = Debug|Any CPU
		{C293E702-7310-4A0C-BA23-5ED7624E86BE}.Release|Any CPU.ActiveCfg = Release|Any CPU
		{C293E702-7310-4A0C-BA23-5ED7624E86BE}.Release|Any CPU.Build.0 = Release|Any CPU
		{C293E702-7310-4A0C-BA23-5ED7624E86BE}.Release|x64.ActiveCfg = Release|Any CPU
		{C293E702-7310-4A0C-BA23-5ED7624E86BE}.Release|x64.Build.0 = Release|Any CPU
		{C293E702-7310-4A0C-BA23-5ED7624E86BE}.Release|x86.ActiveCfg = Release|Any CPU
		{C293E702-7310-4A0C-BA23-5ED7624E86BE}.Release|x86.Build.0 = Release|Any CPU
		{C4B7D1F1-77DA-4DE3-9949-FCAE687C312F}.Debug|Any CPU.ActiveCfg = Debug|Any CPU
		{C4B7D1F1-77DA-4DE3-9949-FCAE687C312F}.Debug|Any CPU.Build.0 = Debug|Any CPU
		{C4B7D1F1-77DA-4DE3-9949-FCAE687C312F}.Debug|x64.ActiveCfg = Debug|Any CPU
		{C4B7D1F1-77DA-4DE3-9949-FCAE687C312F}.Debug|x64.Build.0 = Debug|Any CPU
		{C4B7D1F1-77DA-4DE3-9949-FCAE687C312F}.Debug|x86.ActiveCfg = Debug|Any CPU
		{C4B7D1F1-77DA-4DE3-9949-FCAE687C312F}.Debug|x86.Build.0 = Debug|Any CPU
		{C4B7D1F1-77DA-4DE3-9949-FCAE687C312F}.Release|Any CPU.ActiveCfg = Release|Any CPU
		{C4B7D1F1-77DA-4DE3-9949-FCAE687C312F}.Release|Any CPU.Build.0 = Release|Any CPU
		{C4B7D1F1-77DA-4DE3-9949-FCAE687C312F}.Release|x64.ActiveCfg = Release|Any CPU
		{C4B7D1F1-77DA-4DE3-9949-FCAE687C312F}.Release|x64.Build.0 = Release|Any CPU
		{C4B7D1F1-77DA-4DE3-9949-FCAE687C312F}.Release|x86.ActiveCfg = Release|Any CPU
		{C4B7D1F1-77DA-4DE3-9949-FCAE687C312F}.Release|x86.Build.0 = Release|Any CPU
		{F5F04F90-0C23-47FD-9B9D-C300B0AFB7F6}.Debug|Any CPU.ActiveCfg = Debug|Any CPU
		{F5F04F90-0C23-47FD-9B9D-C300B0AFB7F6}.Debug|Any CPU.Build.0 = Debug|Any CPU
		{F5F04F90-0C23-47FD-9B9D-C300B0AFB7F6}.Debug|x64.ActiveCfg = Debug|Any CPU
		{F5F04F90-0C23-47FD-9B9D-C300B0AFB7F6}.Debug|x64.Build.0 = Debug|Any CPU
		{F5F04F90-0C23-47FD-9B9D-C300B0AFB7F6}.Debug|x86.ActiveCfg = Debug|Any CPU
		{F5F04F90-0C23-47FD-9B9D-C300B0AFB7F6}.Debug|x86.Build.0 = Debug|Any CPU
		{F5F04F90-0C23-47FD-9B9D-C300B0AFB7F6}.Release|Any CPU.ActiveCfg = Release|Any CPU
		{F5F04F90-0C23-47FD-9B9D-C300B0AFB7F6}.Release|Any CPU.Build.0 = Release|Any CPU
		{F5F04F90-0C23-47FD-9B9D-C300B0AFB7F6}.Release|x64.ActiveCfg = Release|Any CPU
		{F5F04F90-0C23-47FD-9B9D-C300B0AFB7F6}.Release|x64.Build.0 = Release|Any CPU
		{F5F04F90-0C23-47FD-9B9D-C300B0AFB7F6}.Release|x86.ActiveCfg = Release|Any CPU
		{F5F04F90-0C23-47FD-9B9D-C300B0AFB7F6}.Release|x86.Build.0 = Release|Any CPU
		{2864809E-E6BD-4AE8-AE84-721FA7F6D8B7}.Debug|Any CPU.ActiveCfg = Debug|Any CPU
		{2864809E-E6BD-4AE8-AE84-721FA7F6D8B7}.Debug|Any CPU.Build.0 = Debug|Any CPU
		{2864809E-E6BD-4AE8-AE84-721FA7F6D8B7}.Debug|x64.ActiveCfg = Debug|Any CPU
		{2864809E-E6BD-4AE8-AE84-721FA7F6D8B7}.Debug|x64.Build.0 = Debug|Any CPU
		{2864809E-E6BD-4AE8-AE84-721FA7F6D8B7}.Debug|x86.ActiveCfg = Debug|Any CPU
		{2864809E-E6BD-4AE8-AE84-721FA7F6D8B7}.Debug|x86.Build.0 = Debug|Any CPU
		{2864809E-E6BD-4AE8-AE84-721FA7F6D8B7}.Release|Any CPU.ActiveCfg = Release|Any CPU
		{2864809E-E6BD-4AE8-AE84-721FA7F6D8B7}.Release|Any CPU.Build.0 = Release|Any CPU
		{2864809E-E6BD-4AE8-AE84-721FA7F6D8B7}.Release|x64.ActiveCfg = Release|Any CPU
		{2864809E-E6BD-4AE8-AE84-721FA7F6D8B7}.Release|x64.Build.0 = Release|Any CPU
		{2864809E-E6BD-4AE8-AE84-721FA7F6D8B7}.Release|x86.ActiveCfg = Release|Any CPU
		{2864809E-E6BD-4AE8-AE84-721FA7F6D8B7}.Release|x86.Build.0 = Release|Any CPU
		{BF150BE7-2F3D-4F7B-9C3F-D5CD24CAE2C7}.Debug|Any CPU.ActiveCfg = Debug|Any CPU
		{BF150BE7-2F3D-4F7B-9C3F-D5CD24CAE2C7}.Debug|Any CPU.Build.0 = Debug|Any CPU
		{BF150BE7-2F3D-4F7B-9C3F-D5CD24CAE2C7}.Debug|x64.ActiveCfg = Debug|Any CPU
		{BF150BE7-2F3D-4F7B-9C3F-D5CD24CAE2C7}.Debug|x64.Build.0 = Debug|Any CPU
		{BF150BE7-2F3D-4F7B-9C3F-D5CD24CAE2C7}.Debug|x86.ActiveCfg = Debug|Any CPU
		{BF150BE7-2F3D-4F7B-9C3F-D5CD24CAE2C7}.Debug|x86.Build.0 = Debug|Any CPU
		{BF150BE7-2F3D-4F7B-9C3F-D5CD24CAE2C7}.Release|Any CPU.ActiveCfg = Release|Any CPU
		{BF150BE7-2F3D-4F7B-9C3F-D5CD24CAE2C7}.Release|Any CPU.Build.0 = Release|Any CPU
		{BF150BE7-2F3D-4F7B-9C3F-D5CD24CAE2C7}.Release|x64.ActiveCfg = Release|Any CPU
		{BF150BE7-2F3D-4F7B-9C3F-D5CD24CAE2C7}.Release|x64.Build.0 = Release|Any CPU
		{BF150BE7-2F3D-4F7B-9C3F-D5CD24CAE2C7}.Release|x86.ActiveCfg = Release|Any CPU
		{BF150BE7-2F3D-4F7B-9C3F-D5CD24CAE2C7}.Release|x86.Build.0 = Release|Any CPU
		{94D5CFFC-0DE4-4AA6-8085-9B219818CA8E}.Debug|Any CPU.ActiveCfg = Debug|Any CPU
		{94D5CFFC-0DE4-4AA6-8085-9B219818CA8E}.Debug|Any CPU.Build.0 = Debug|Any CPU
		{94D5CFFC-0DE4-4AA6-8085-9B219818CA8E}.Debug|x64.ActiveCfg = Debug|Any CPU
		{94D5CFFC-0DE4-4AA6-8085-9B219818CA8E}.Debug|x64.Build.0 = Debug|Any CPU
		{94D5CFFC-0DE4-4AA6-8085-9B219818CA8E}.Debug|x86.ActiveCfg = Debug|Any CPU
		{94D5CFFC-0DE4-4AA6-8085-9B219818CA8E}.Debug|x86.Build.0 = Debug|Any CPU
		{94D5CFFC-0DE4-4AA6-8085-9B219818CA8E}.Release|Any CPU.ActiveCfg = Release|Any CPU
		{94D5CFFC-0DE4-4AA6-8085-9B219818CA8E}.Release|Any CPU.Build.0 = Release|Any CPU
		{94D5CFFC-0DE4-4AA6-8085-9B219818CA8E}.Release|x64.ActiveCfg = Release|Any CPU
		{94D5CFFC-0DE4-4AA6-8085-9B219818CA8E}.Release|x64.Build.0 = Release|Any CPU
		{94D5CFFC-0DE4-4AA6-8085-9B219818CA8E}.Release|x86.ActiveCfg = Release|Any CPU
		{94D5CFFC-0DE4-4AA6-8085-9B219818CA8E}.Release|x86.Build.0 = Release|Any CPU
		{D8F21E90-9DB2-4F4F-BEDA-C0A6F5F9117F}.Debug|Any CPU.ActiveCfg = Debug|Any CPU
		{D8F21E90-9DB2-4F4F-BEDA-C0A6F5F9117F}.Debug|Any CPU.Build.0 = Debug|Any CPU
		{D8F21E90-9DB2-4F4F-BEDA-C0A6F5F9117F}.Debug|x64.ActiveCfg = Debug|Any CPU
		{D8F21E90-9DB2-4F4F-BEDA-C0A6F5F9117F}.Debug|x64.Build.0 = Debug|Any CPU
		{D8F21E90-9DB2-4F4F-BEDA-C0A6F5F9117F}.Debug|x86.ActiveCfg = Debug|Any CPU
		{D8F21E90-9DB2-4F4F-BEDA-C0A6F5F9117F}.Debug|x86.Build.0 = Debug|Any CPU
		{D8F21E90-9DB2-4F4F-BEDA-C0A6F5F9117F}.Release|Any CPU.ActiveCfg = Release|Any CPU
		{D8F21E90-9DB2-4F4F-BEDA-C0A6F5F9117F}.Release|Any CPU.Build.0 = Release|Any CPU
		{D8F21E90-9DB2-4F4F-BEDA-C0A6F5F9117F}.Release|x64.ActiveCfg = Release|Any CPU
		{D8F21E90-9DB2-4F4F-BEDA-C0A6F5F9117F}.Release|x64.Build.0 = Release|Any CPU
		{D8F21E90-9DB2-4F4F-BEDA-C0A6F5F9117F}.Release|x86.ActiveCfg = Release|Any CPU
		{D8F21E90-9DB2-4F4F-BEDA-C0A6F5F9117F}.Release|x86.Build.0 = Release|Any CPU
	EndGlobalSection
	GlobalSection(SolutionProperties) = preSolution
		HideSolutionNode = FALSE
	EndGlobalSection
	GlobalSection(NestedProjects) = preSolution
		{BCC0E8C9-A186-4BB3-A0CF-3E0637FDD5BD} = {827E0CD3-B72D-47B6-A68D-7590B98EB39B}
		{ABEAA7CD-D49D-4FAF-91A0-68DA8A10883E} = {827E0CD3-B72D-47B6-A68D-7590B98EB39B}
		{92A4F138-5B0C-4254-B7CB-909F4B711987} = {827E0CD3-B72D-47B6-A68D-7590B98EB39B}
		{C293E702-7310-4A0C-BA23-5ED7624E86BE} = {827E0CD3-B72D-47B6-A68D-7590B98EB39B}
		{C4B7D1F1-77DA-4DE3-9949-FCAE687C312F} = {827E0CD3-B72D-47B6-A68D-7590B98EB39B}
		{F5F04F90-0C23-47FD-9B9D-C300B0AFB7F6} = {827E0CD3-B72D-47B6-A68D-7590B98EB39B}
		{2864809E-E6BD-4AE8-AE84-721FA7F6D8B7} = {827E0CD3-B72D-47B6-A68D-7590B98EB39B}
		{BF150BE7-2F3D-4F7B-9C3F-D5CD24CAE2C7} = {827E0CD3-B72D-47B6-A68D-7590B98EB39B}
		{94D5CFFC-0DE4-4AA6-8085-9B219818CA8E} = {827E0CD3-B72D-47B6-A68D-7590B98EB39B}
		{D8F21E90-9DB2-4F4F-BEDA-C0A6F5F9117F} = {827E0CD3-B72D-47B6-A68D-7590B98EB39B}
	EndGlobalSection
EndGlobal
